
Microsoft Visual Studio Solution File, Format Version 12.00
# Visual Studio Version 17
VisualStudioVersion = 17.14.36121.58
MinimumVisualStudioVersion = 10.0.40219.1
Project("{FAE04EC0-301F-11D3-BF4B-00C04F79EFBC}") = "DocumentManagementService", "DocumentManagemnetService\DocumentManagementService.csproj", "{F821E7FC-130B-4865-A924-45FA3F404F12}"
EndProject
Project("{54435603-DBB4-11D2-8724-00A0C9A8B90C}") = "Библиотека корпоративных документов", "Библиотека корпоративных документов\Библиотека корпоративных документов.vdproj", "{908176CF-DB7C-1722-F1D3-486E8895A1AA}"
EndProject
Project("{FAE04EC0-301F-11D3-BF4B-00C04F79EFBC}") = "NUnit3", "NUnit3\NUnit3.csproj", "{AFF4F4F5-525B-45C5-8343-11B498DDBEA1}"
EndProject
Global
	GlobalSection(SolutionConfigurationPlatforms) = preSolution
		Debug|Any CPU = Debug|Any CPU
		Release|Any CPU = Release|Any CPU
	EndGlobalSection
	GlobalSection(ProjectConfigurationPlatforms) = postSolution
		{F821E7FC-130B-4865-A924-45FA3F404F12}.Debug|Any CPU.ActiveCfg = Debug|Any CPU
		{F821E7FC-130B-4865-A924-45FA3F404F12}.Debug|Any CPU.Build.0 = Debug|Any CPU
		{F821E7FC-130B-4865-A924-45FA3F404F12}.Release|Any CPU.ActiveCfg = Debug|Any CPU
		{F821E7FC-130B-4865-A924-45FA3F404F12}.Release|Any CPU.Build.0 = Debug|Any CPU
		{908176CF-DB7C-1722-F1D3-486E8895A1AA}.Debug|Any CPU.ActiveCfg = Debug
		{908176CF-DB7C-1722-F1D3-486E8895A1AA}.Release|Any CPU.ActiveCfg = Release
		{AFF4F4F5-525B-45C5-8343-11B498DDBEA1}.Debug|Any CPU.ActiveCfg = Debug|Any CPU
		{AFF4F4F5-525B-45C5-8343-11B498DDBEA1}.Debug|Any CPU.Build.0 = Debug|Any CPU
		{AFF4F4F5-525B-45C5-8343-11B498DDBEA1}.Release|Any CPU.ActiveCfg = Release|Any CPU
		{AFF4F4F5-525B-45C5-8343-11B498DDBEA1}.Release|Any CPU.Build.0 = Release|Any CPU
	EndGlobalSection
	GlobalSection(SolutionProperties) = preSolution
		HideSolutionNode = FALSE
	EndGlobalSection
	GlobalSection(ExtensibilityGlobals) = postSolution
		SolutionGuid = {322B3D5B-9CAE-43AD-A5E8-8AC91BC70344}
	EndGlobalSection
EndGlobal
